{
    "_meta": {
        "hash": {
            "sha256": "60befb325b3f346cf37cd545f13e34da9b415ce4550cb5671c5120461490ccbb"
        },
        "pipfile-spec": 6,
        "requires": {
            "python_version": "3.7"
        },
        "sources": [
            {
                "name": "pypi-aliyun",
                "url": "https://mirrors.aliyun.com/pypi/simple/",
                "verify_ssl": true
            }
        ]
    },
    "default": {
        "cachetools": {
            "hashes": [
                "sha256:1d057645db16ca7fe1f3bd953558897603d6f0b9c51ed9d11eb4d071ec4e2aab",
                "sha256:de5d88f87781602201cde465d3afe837546663b168e8b39df67411b0bf10cefc"
            ],
            "version": "==4.1.0"
        },
        "certifi": {
            "hashes": [
                "sha256:5930595817496dd21bb8dc35dad090f1c2cd0adfaf21204bf6732ca5d8ee34d3",
                "sha256:8fc0819f1f30ba15bdb34cceffb9ef04d99f420f68eb75d901e9560b8749fc41"
            ],
            "version": "==2020.6.20"
        },
        "chardet": {
            "hashes": [
                "sha256:84ab92ed1c4d4f16916e05906b6b75a6c0fb5db821cc65e70cbd64a3e2a5eaae",
                "sha256:fc323ffcaeaed0e0a02bf4d117757b98aed530d9ed4531e3e15460124c106691"
            ],
            "version": "==3.0.4"
        },
        "google-auth": {
            "hashes": [
                "sha256:5e3f540b7b0b892000d542cea6b818b837c230e9a4db9337bb2973bcae0fc078",
                "sha256:d6b390d3bb0969061ffec7e5766c45c1b39e13c302691e35029f1ad1ccd8ca3b"
            ],
            "version": "==1.18.0"
        },
        "idna": {
            "hashes": [
                "sha256:7588d1c14ae4c77d74036e8c22ff447b26d0fde8f007354fd48a7814db15b7cb",
                "sha256:a068a21ceac8a4d63dbfd964670474107f541babbd2250d61922f029858365fa"
            ],
            "version": "==2.9"
        },
        "kubernetes": {
            "hashes": [
                "sha256:1a2472f8b01bc6aa87e3a34781f859bded5a5c8ff791a53d889a8bd6cc550430",
                "sha256:4af81201520977139a143f96123fb789fa351879df37f122916b9b6ed050bbaf"
            ],
            "index": "pypi-aliyun",
            "version": "==11.0.0"
        },
        "mysql-connector-python": {
            "hashes": [
                "sha256:0f4cf26d89a7d99ec215e01e47bac40935dc80c573005395dbc18890856f87a5",
                "sha256:0f847818de953ebf53028fedfcb5622e11d226f01b1c5a93010063f78ab95b34",
                "sha256:1b6f1dbe964990604782e55c5570a8a968ba1da7371ad75ed4ddd8be0129c0cf",
                "sha256:1ed1f29e8db935c30b33b9d137660f70a71d8757a99e16e3f51a40867f6c5ec0",
                "sha256:2c126e929aa6b725d921a5c02e8b6ce999a8f3113494ca9fc94b3f1cbbdf3095",
                "sha256:37e1da0f78f1df38a33ccfe8431edd59cfdcbf249f56820028898cf5acbba0a5",
                "sha256:3b6b271de5664a2ac155954f38c09b6362f321f00734ff1f421e7ab721c7f98b",
                "sha256:4de6f599ec48e7807cc73812f43f2be22a2d7859310c6d99cf51ed436d41b4e5",
                "sha256:541394d10909aa379d396953bc4a3071aed754157d42de4ffd8ada91f15a4f1b",
                "sha256:584098ce99bc81ca71fcc5664228a1aea901e26b473f39c6b4d9945abb641421",
                "sha256:7bdb4e94462e91d10c7bf809c122db1459917d80202fe5cb88c6c04481b1a303",
                "sha256:7d7fb72758e5e11db4b946b342330c136034d1cf6759be9b182e17d619897de2",
                "sha256:829ff16c18900ca25af0007de027c796161ed8711ae22cc50a785e8e1e2f756a",
                "sha256:86b7fac171a4433a9c263ab74d59ca4cf0c2941765f2f9a0cd1925295f04838f",
                "sha256:88ecd6318e71d0a250efa016e80cfdcb987e7ce21793569b1751c20d3d022bb0",
                "sha256:9ba98169e360a4e8739803d7ebce5de693dc4cd5634a62eafb3b2bc3c7f0d7c4",
                "sha256:a22183b55a3e5725a350b76f9ef6898573c808cb63a465b4bd78f860dfb6ed8d",
                "sha256:bd1f1a57e9c89d6bf49b408c6fe151aad8c318237f2983dfc5b9a8202c6d20de",
                "sha256:c20dd01dee6212deb56d3df985fe9927a571000327251177d69f05a40c11ac19",
                "sha256:cbe901254597db9937b8dee4fe56c148fcfb792389f753fa35fff3696d04e5fa",
                "sha256:eec4c549d96d9678fe9df663226fc175562dcd7187af892bfe4711c9a0d99228",
                "sha256:f23c8ddc1550def024ea708d2aa7c999f301cd45ff17ca7bf9a762b48f0d4513",
                "sha256:ffe0bdd9b22a987028ca4e70df770edef987d54899ac5029c364d9c3c04e9e9d"
            ],
            "index": "pypi-aliyun",
            "version": "==8.0.20"
        },
        "oauthlib": {
            "hashes": [
                "sha256:bee41cc35fcca6e988463cacc3bcb8a96224f470ca547e697b604cc697b2f889",
                "sha256:df884cd6cbe20e32633f1db1072e9356f53638e4361bef4e8b03c9127c9328ea"
            ],
            "version": "==3.1.0"
        },
        "protobuf": {
            "hashes": [
                "sha256:304e08440c4a41a0f3592d2a38934aad6919d692bb0edfb355548786728f9a5e",
                "sha256:49ef8ab4c27812a89a76fa894fe7a08f42f2147078392c0dee51d4a444ef6df5",
                "sha256:50b5fee674878b14baea73b4568dc478c46a31dd50157a5b5d2f71138243b1a9",
                "sha256:5524c7020eb1fb7319472cb75c4c3206ef18b34d6034d2ee420a60f99cddeb07",
                "sha256:612bc97e42b22af10ba25e4140963fbaa4c5181487d163f4eb55b0b15b3dfcd2",
                "sha256:6f349adabf1c004aba53f7b4633459f8ca8a09654bf7e69b509c95a454755776",
                "sha256:85b94d2653b0fdf6d879e39d51018bf5ccd86c81c04e18a98e9888694b98226f",
                "sha256:87535dc2d2ef007b9d44e309d2b8ea27a03d2fa09556a72364d706fcb7090828",
                "sha256:a7ab28a8f1f043c58d157bceb64f80e4d2f7f1b934bc7ff5e7f7a55a337ea8b0",
                "sha256:a96f8fc625e9ff568838e556f6f6ae8eca8b4837cdfb3f90efcb7c00e342a2eb",
                "sha256:b5a114ea9b7fc90c2cc4867a866512672a47f66b154c6d7ee7e48ddb68b68122",
                "sha256:be04fe14ceed7f8641e30f36077c1a654ff6f17d0c7a5283b699d057d150d82a",
                "sha256:bff02030bab8b969f4de597543e55bd05e968567acb25c0a87495a31eb09e925",
                "sha256:c9ca9f76805e5a637605f171f6c4772fc4a81eced4e2f708f79c75166a2c99ea",
                "sha256:e1464a4a2cf12f58f662c8e6421772c07947266293fb701cb39cd9c1e183f63c",
                "sha256:e72736dd822748b0721f41f9aaaf6a5b6d5cfc78f6c8690263aef8bba4457f0e",
                "sha256:eafe9fa19fcefef424ee089fb01ac7177ff3691af7cc2ae8791ae523eb6ca907",
                "sha256:f4b73736108a416c76c17a8a09bc73af3d91edaa26c682aaa460ef91a47168d3"
            ],
            "version": "==3.12.2"
        },
        "pyasn1": {
            "hashes": [
                "sha256:39c7e2ec30515947ff4e87fb6f456dfc6e84857d34be479c9d4a4ba4bf46aa5d",
                "sha256:aef77c9fb94a3ac588e87841208bdec464471d9871bd5050a287cc9a475cd0ba"
            ],
            "version": "==0.4.8"
        },
        "pyasn1-modules": {
            "hashes": [
                "sha256:905f84c712230b2c592c19470d3ca8d552de726050d1d1716282a1f6146be65e",
                "sha256:a50b808ffeb97cb3601dd25981f6b016cbb3d31fbf57a8b8a87428e6158d0c74"
            ],
            "version": "==0.2.8"
        },
        "python-dateutil": {
            "hashes": [
                "sha256:73ebfe9dbf22e832286dafa60473e4cd239f8592f699aa5adaf10050e6e1823c",
                "sha256:75bb3f31ea686f1197762692a9ee6a7550b59fc6ca3a1f4b5d7e32fb98e2da2a"
            ],
            "version": "==2.8.1"
        },
        "pyyaml": {
            "hashes": [
                "sha256:06a0d7ba600ce0b2d2fe2e78453a470b5a6e000a985dd4a4e54e436cc36b0e97",
                "sha256:240097ff019d7c70a4922b6869d8a86407758333f02203e0fc6ff79c5dcede76",
                "sha256:4f4b913ca1a7319b33cfb1369e91e50354d6f07a135f3b901aca02aa95940bd2",
                "sha256:69f00dca373f240f842b2931fb2c7e14ddbacd1397d57157a9b005a6a9942648",
                "sha256:73f099454b799e05e5ab51423c7bcf361c58d3206fa7b0d555426b1f4d9a3eaf",
                "sha256:74809a57b329d6cc0fdccee6318f44b9b8649961fa73144a98735b0aaf029f1f",
                "sha256:7739fc0fa8205b3ee8808aea45e968bc90082c10aef6ea95e855e10abf4a37b2",
                "sha256:95f71d2af0ff4227885f7a6605c37fd53d3a106fcab511b8860ecca9fcf400ee",
                "sha256:b8eac752c5e14d3eca0e6dd9199cd627518cb5ec06add0de9d32baeee6fe645d",
                "sha256:cc8955cfbfc7a115fa81d85284ee61147059a753344bc51098f3ccd69b0d7e0c",
                "sha256:d13155f591e6fcc1ec3b30685d50bf0711574e2c0dfffd7644babf8b5102ca1a"
            ],
            "version": "==5.3.1"
        },
        "requests": {
            "hashes": [
                "sha256:b3559a131db72c33ee969480840fff4bb6dd111de7dd27c8ee1f820f4f00231b",
                "sha256:fe75cc94a9443b9246fc7049224f75604b113c36acb93f87b80ed42c44cbb898"
            ],
            "version": "==2.24.0"
        },
        "requests-oauthlib": {
            "hashes": [
                "sha256:7f71572defaecd16372f9006f33c2ec8c077c3cfa6f5911a9a90202beb513f3d",
                "sha256:b4261601a71fd721a8bd6d7aa1cc1d6a8a93b4a9f5e96626f8e4d91e8beeaa6a"
            ],
            "version": "==1.3.0"
        },
        "rsa": {
            "hashes": [
                "sha256:109ea5a66744dd859bf16fe904b8d8b627adafb9408753161e766a92e7d681fa",
                "sha256:6166864e23d6b5195a5cfed6cd9fed0fe774e226d8f854fcb23b7bbef0350233"
            ],
            "markers": "python_version >= '3'",
            "version": "==4.6"
        },
        "six": {
            "hashes": [
                "sha256:30639c035cdb23534cd4aa2dd52c3bf48f06e5f4a941509c8bafd8ce11080259",
                "sha256:8b74bedcbbbaca38ff6d7491d76f2b06b3592611af620f8426e82dddb04a5ced"
            ],
            "version": "==1.15.0"
        },
        "urllib3": {
            "hashes": [
                "sha256:3018294ebefce6572a474f0604c2021e33b3fd8006ecd11d62107a5d2a963527",
                "sha256:88206b0eb87e6d677d424843ac5209e3fb9d0190d0ee169599165ec25e9d9115"
            ],
            "version": "==1.25.9"
        },
        "websocket-client": {
            "hashes": [
                "sha256:0fc45c961324d79c781bab301359d5a1b00b13ad1b10415a4780229ef71a5549",
                "sha256:d735b91d6d1692a6a181f2a8c9e0238e5f6373356f561bb9dc4c7af36f452010"
            ],
            "version": "==0.57.0"
        }
    },
    "develop": {}
}
